<?xml version="1.0" encoding="utf-8"?>
<Project ToolsVersion="4.0" xmlns="http://schemas.microsoft.com/developer/msbuild/2003">
  <ItemGroup>
    <Filter Include="Исходные файлы">
      <UniqueIdentifier>{4FC737F1-C7A5-4376-A066-2A32D752A2FF}</UniqueIdentifier>
      <Extensions>cpp;c;cc;cxx;c++;cppm;ixx;def;odl;idl;hpj;bat;asm;asmx</Extensions>
    </Filter>
    <Filter Include="Файлы заголовков">
      <UniqueIdentifier>{93995380-89BD-4b04-88EB-625FBE52EBFB}</UniqueIdentifier>
      <Extensions>h;hh;hpp;hxx;h++;hm;inl;inc;ipp;xsd</Extensions>
    </Filter>
    <Filter Include="Файлы ресурсов">
      <UniqueIdentifier>{67DA6AB6-F800-4c08-8B7A-83BB121AAD01}</UniqueIdentifier>
      <Extensions>rc;ico;cur;bmp;dlg;rc2;rct;bin;rgs;gif;jpg;jpeg;jpe;resx;tiff;tif;png;wav;mfcribbon-ms</Extensions>
    </Filter>
    <Filter Include="Файлы заголовков\lexer">
      <UniqueIdentifier>{13226416-62bd-4e9c-88f7-154404c50f86}</UniqueIdentifier>
    </Filter>
    <Filter Include="Исходные файлы\lexer">
      <UniqueIdentifier>{b91c8ec6-9b47-4090-882f-6df427675961}</UniqueIdentifier>
    </Filter>
    <Filter Include="Файлы заголовков\syntax">
      <UniqueIdentifier>{c7472af3-c6fc-492c-885b-ba16749b5531}</UniqueIdentifier>
    </Filter>
    <Filter Include="Исходные файлы\syntax">
      <UniqueIdentifier>{4189ed23-663c-43fe-8abd-1bc32f0c51df}</UniqueIdentifier>
    </Filter>
  </ItemGroup>
  <ItemGroup>
    <ClCompile Include="main.cpp">
      <Filter>Исходные файлы</Filter>
    </ClCompile>
    <ClCompile Include="LexerScan.cpp">
      <Filter>Исходные файлы\lexer</Filter>
    </ClCompile>
    <ClCompile Include="LexerFunc.cpp">
      <Filter>Исходные файлы\lexer</Filter>
    </ClCompile>
    <ClCompile Include="SyntaxScan.cpp">
      <Filter>Исходные файлы\syntax</Filter>
    </ClCompile>
    <ClCompile Include="SyntaxFunc.cpp">
      <Filter>Исходные файлы\syntax</Filter>
    </ClCompile>
    <ClCompile Include="Tables.cpp">
      <Filter>Исходные файлы</Filter>
    </ClCompile>
  </ItemGroup>
  <ItemGroup>
    <ClInclude Include="lexer.h">
      <Filter>Файлы заголовков\lexer</Filter>
    </ClInclude>
    <ClInclude Include="syntax.h">
      <Filter>Файлы заголовков\syntax</Filter>
    </ClInclude>
    <ClInclude Include="tables.h">
      <Filter>Файлы заголовков</Filter>
    </ClInclude>
    <ClInclude Include="lexem.h">
      <Filter>Файлы заголовков</Filter>
    </ClInclude>
    <ClInclude Include="syntaxTree.h">
      <Filter>Файлы заголовков</Filter>
    </ClInclude>
  </ItemGroup>
  <ItemGroup>
    <Text Include="input.txt">
      <Filter>Файлы ресурсов</Filter>
    </Text>
    <Text Include="lexems.txt">
      <Filter>Файлы ресурсов</Filter>
    </Text>
  </ItemGroup>
</Project>